
Microsoft Visual Studio Solution File, Format Version 12.00
# Visual Studio Version 16
VisualStudioVersion = 16.0.32407.337
MinimumVisualStudioVersion = 10.0.40219.1
Project("{8BC9CEB8-8B4A-11D0-8D11-00A0C91BC942}") = "test-4-28", "test-4-28\test-4-28.vcxproj", "{2FADA694-6C0C-43C6-B116-22DD340F5916}"
EndProject
Global
	GlobalSection(SolutionConfigurationPlatforms) = preSolution
		Debug|x64 = Debug|x64
		Debug|x86 = Debug|x86
		Release|x64 = Release|x64
		Release|x86 = Release|x86
	EndGlobalSection
	GlobalSection(ProjectConfigurationPlatforms) = postSolution
		{2FADA694-6C0C-43C6-B116-22DD340F5916}.Debug|x64.ActiveCfg = Debug|x64
		{2FADA694-6C0C-43C6-B116-22DD340F5916}.Debug|x64.Build.0 = Debug|x64
		{2FADA694-6C0C-43C6-B116-22DD340F5916}.Debug|x86.ActiveCfg = Debug|Win32
		{2FADA694-6C0C-43C6-B116-22DD340F5916}.Debug|x86.Build.0 = Debug|Win32
		{2FADA694-6C0C-43C6-B116-22DD340F5916}.Release|x64.ActiveCfg = Release|x64
		{2FADA694-6C0C-43C6-B116-22DD340F5916}.Release|x64.Build.0 = Release|x64
		{2FADA694-6C0C-43C6-B116-22DD340F5916}.Release|x86.ActiveCfg = Release|Win32
		{2FADA694-6C0C-43C6-B116-22DD340F5916}.Release|x86.Build.0 = Release|Win32
	EndGlobalSection
	GlobalSection(SolutionProperties) = preSolution
		HideSolutionNode = FALSE
	EndGlobalSection
	GlobalSection(ExtensibilityGlobals) = postSolution
		SolutionGuid = {B04E3FE3-F805-43BF-949B-E9C0B32196D6}
	EndGlobalSection
EndGlobal
